
Microsoft Visual Studio Solution File, Format Version 12.00
# Visual Studio Version 16
VisualStudioVersion = 16.0.30011.22
MinimumVisualStudioVersion = 10.0.40219.1
Project("{FAE04EC0-301F-11D3-BF4B-00C04F79EFBC}") = "UdpComManagerCore", "UdpComManagerCore\UdpComManagerCore.csproj", "{8EF1231D-5306-4CB0-B942-9BE19593AB79}"
EndProject
Global
	GlobalSection(SolutionConfigurationPlatforms) = preSolution
		Debug|Any CPU = Debug|Any CPU
		Release|Any CPU = Release|Any CPU
	EndGlobalSection
	GlobalSection(ProjectConfigurationPlatforms) = postSolution
		{8EF1231D-5306-4CB0-B942-9BE19593AB79}.Debug|Any CPU.ActiveCfg = Debug|Any CPU
		{8EF1231D-5306-4CB0-B942-9BE19593AB79}.Debug|Any CPU.Build.0 = Debug|Any CPU
		{8EF1231D-5306-4CB0-B942-9BE19593AB79}.Release|Any CPU.ActiveCfg = Release|Any CPU
		{8EF1231D-5306-4CB0-B942-9BE19593AB79}.Release|Any CPU.Build.0 = Release|Any CPU
	EndGlobalSection
	GlobalSection(SolutionProperties) = preSolution
		HideSolutionNode = FALSE
	EndGlobalSection
	GlobalSection(ExtensibilityGlobals) = postSolution
		SolutionGuid = {3E9A707B-E6E4-49B2-BC61-41846AD94AC3}
	EndGlobalSection
EndGlobal
